{
    "version": 3,
    "terraform_version": "0.11.14",
    "serial": 2,
    "lineage": "91ffdd99-ed51-34fe-9571-1069e8b868bd",
    "modules": [
        {
            "path": [
                "root"
            ],
            "outputs": {},
            "resources": {
                "aws_instance.example": {
                    "type": "aws_instance",
                    "depends_on": [],
                    "primary": {
                        "id": "i-027f28d08b84c917d",
                        "attributes": {
                            "ami": "ami-b374d5a5",
                            "arn": "arn:aws:ec2:us-east-1:496323866215:instance/i-027f28d08b84c917d",
                            "associate_public_ip_address": "true",
                            "availability_zone": "us-east-1c",
                            "cpu_core_count": "1",
                            "cpu_threads_per_core": "1",
                            "credit_specification.#": "1",
                            "credit_specification.0.cpu_credits": "standard",
                            "disable_api_termination": "false",
                            "ebs_block_device.#": "0",
                            "ebs_optimized": "false",
                            "ephemeral_block_device.#": "0",
                            "get_password_data": "false",
                            "iam_instance_profile": "",
                            "id": "i-027f28d08b84c917d",
                            "instance_state": "running",
                            "instance_type": "t2.micro",
                            "ipv6_address_count": "0",
                            "ipv6_addresses.#": "0",
                            "key_name": "",
                            "monitoring": "false",
                            "network_interface.#": "0",
                            "password_data": "",
                            "placement_group": "",
                            "primary_network_interface_id": "eni-087dc78c0d7b17d96",
                            "private_dns": "ip-172-31-50-28.ec2.internal",
                            "private_ip": "172.31.50.28",
                            "public_dns": "ec2-54-86-43-13.compute-1.amazonaws.com",
                            "public_ip": "54.86.43.13",
                            "root_block_device.#": "1",
                            "root_block_device.0.delete_on_termination": "true",
                            "root_block_device.0.encrypted": "false",
                            "root_block_device.0.iops": "100",
                            "root_block_device.0.kms_key_id": "",
                            "root_block_device.0.volume_id": "vol-08e24d0298cb4469f",
                            "root_block_device.0.volume_size": "8",
                            "root_block_device.0.volume_type": "gp2",
                            "security_groups.#": "1",
                            "security_groups.3814588639": "default",
                            "source_dest_check": "true",
                            "subnet_id": "subnet-28119003",
                            "tags.%": "0",
                            "tenancy": "default",
                            "volume_tags.%": "0",
                            "vpc_security_group_ids.#": "1",
                            "vpc_security_group_ids.186650802": "sg-98b0eafc"
                        },
                        "meta": {
                            "e2bfb730-ecaa-11e6-8f88-34363bc7c4c0": {
                                "create": 600000000000,
                                "delete": 1200000000000,
                                "update": 600000000000
                            },
                            "schema_version": "1"
                        },
                        "tainted": false
                    },
                    "deposed": [],
                    "provider": "provider.aws"
                }
            },
            "depends_on": []
        }
    ]
}
